
Microsoft Visual Studio Solution File, Format Version 12.00
# Visual Studio Version 17
VisualStudioVersion = 17.7.34221.43
MinimumVisualStudioVersion = 10.0.40219.1
Project("{FAE04EC0-301F-11D3-BF4B-00C04F79EFBC}") = "sorts", "sorts\sorts.csproj", "{ADB2B729-64B5-4C40-B247-EABD98FAE32B}"
EndProject
Global
	GlobalSection(SolutionConfigurationPlatforms) = preSolution
		Debug|Any CPU = Debug|Any CPU
		Release|Any CPU = Release|Any CPU
	EndGlobalSection
	GlobalSection(ProjectConfigurationPlatforms) = postSolution
		{ADB2B729-64B5-4C40-B247-EABD98FAE32B}.Debug|Any CPU.ActiveCfg = Debug|Any CPU
		{ADB2B729-64B5-4C40-B247-EABD98FAE32B}.Debug|Any CPU.Build.0 = Debug|Any CPU
		{ADB2B729-64B5-4C40-B247-EABD98FAE32B}.Release|Any CPU.ActiveCfg = Release|Any CPU
		{ADB2B729-64B5-4C40-B247-EABD98FAE32B}.Release|Any CPU.Build.0 = Release|Any CPU
	EndGlobalSection
	GlobalSection(SolutionProperties) = preSolution
		HideSolutionNode = FALSE
	EndGlobalSection
	GlobalSection(ExtensibilityGlobals) = postSolution
		SolutionGuid = {225F2F4E-FDDB-48AF-8D2E-F78127533E63}
	EndGlobalSection
EndGlobal
