
Microsoft Visual Studio Solution File, Format Version 12.00
# Visual Studio Version 17
VisualStudioVersion = 17.6.33829.357
MinimumVisualStudioVersion = 10.0.40219.1
Project("{FAE04EC0-301F-11D3-BF4B-00C04F79EFBC}") = "MaxMinMedia", "MaxMinMedia\MaxMinMedia.csproj", "{C99EC7ED-19F3-492A-94F8-0EAB550709EE}"
EndProject
Global
	GlobalSection(SolutionConfigurationPlatforms) = preSolution
		Debug|Any CPU = Debug|Any CPU
		Release|Any CPU = Release|Any CPU
	EndGlobalSection
	GlobalSection(ProjectConfigurationPlatforms) = postSolution
		{C99EC7ED-19F3-492A-94F8-0EAB550709EE}.Debug|Any CPU.ActiveCfg = Debug|Any CPU
		{C99EC7ED-19F3-492A-94F8-0EAB550709EE}.Debug|Any CPU.Build.0 = Debug|Any CPU
		{C99EC7ED-19F3-492A-94F8-0EAB550709EE}.Release|Any CPU.ActiveCfg = Release|Any CPU
		{C99EC7ED-19F3-492A-94F8-0EAB550709EE}.Release|Any CPU.Build.0 = Release|Any CPU
	EndGlobalSection
	GlobalSection(SolutionProperties) = preSolution
		HideSolutionNode = FALSE
	EndGlobalSection
	GlobalSection(ExtensibilityGlobals) = postSolution
		SolutionGuid = {97AC5A92-24D3-41BB-BB18-B7A6D93E05B4}
	EndGlobalSection
EndGlobal
