
Microsoft Visual Studio Solution File, Format Version 12.00
# Visual Studio Version 17
VisualStudioVersion = 17.6.33829.357
MinimumVisualStudioVersion = 10.0.40219.1
Project("{FAE04EC0-301F-11D3-BF4B-00C04F79EFBC}") = "Bin_Dec_scopri", "Bin_Dec_scopri\Bin_Dec_scopri.csproj", "{CBE1B1AD-DF9E-445B-8CF7-BF01F7E76F77}"
EndProject
Global
	GlobalSection(SolutionConfigurationPlatforms) = preSolution
		Debug|Any CPU = Debug|Any CPU
		Release|Any CPU = Release|Any CPU
	EndGlobalSection
	GlobalSection(ProjectConfigurationPlatforms) = postSolution
		{CBE1B1AD-DF9E-445B-8CF7-BF01F7E76F77}.Debug|Any CPU.ActiveCfg = Debug|Any CPU
		{CBE1B1AD-DF9E-445B-8CF7-BF01F7E76F77}.Debug|Any CPU.Build.0 = Debug|Any CPU
		{CBE1B1AD-DF9E-445B-8CF7-BF01F7E76F77}.Release|Any CPU.ActiveCfg = Release|Any CPU
		{CBE1B1AD-DF9E-445B-8CF7-BF01F7E76F77}.Release|Any CPU.Build.0 = Release|Any CPU
	EndGlobalSection
	GlobalSection(SolutionProperties) = preSolution
		HideSolutionNode = FALSE
	EndGlobalSection
	GlobalSection(ExtensibilityGlobals) = postSolution
		SolutionGuid = {0E7D7B1D-35CF-4D8A-87AA-8F11E4A04139}
	EndGlobalSection
EndGlobal
