
Microsoft Visual Studio Solution File, Format Version 12.00
# Visual Studio Version 17
VisualStudioVersion = 17.6.33829.357
MinimumVisualStudioVersion = 10.0.40219.1
Project("{FAE04EC0-301F-11D3-BF4B-00C04F79EFBC}") = "Hex_Decimal_scopri", "Hex_Decimal_scopri\Hex_Decimal_scopri.csproj", "{6CC66D8D-7B74-4386-A5CD-819A80E78CC1}"
EndProject
Global
	GlobalSection(SolutionConfigurationPlatforms) = preSolution
		Debug|Any CPU = Debug|Any CPU
		Release|Any CPU = Release|Any CPU
	EndGlobalSection
	GlobalSection(ProjectConfigurationPlatforms) = postSolution
		{6CC66D8D-7B74-4386-A5CD-819A80E78CC1}.Debug|Any CPU.ActiveCfg = Debug|Any CPU
		{6CC66D8D-7B74-4386-A5CD-819A80E78CC1}.Debug|Any CPU.Build.0 = Debug|Any CPU
		{6CC66D8D-7B74-4386-A5CD-819A80E78CC1}.Release|Any CPU.ActiveCfg = Release|Any CPU
		{6CC66D8D-7B74-4386-A5CD-819A80E78CC1}.Release|Any CPU.Build.0 = Release|Any CPU
	EndGlobalSection
	GlobalSection(SolutionProperties) = preSolution
		HideSolutionNode = FALSE
	EndGlobalSection
	GlobalSection(ExtensibilityGlobals) = postSolution
		SolutionGuid = {E4CE8CCE-C768-477F-8798-E442B3A32D45}
	EndGlobalSection
EndGlobal
