
Microsoft Visual Studio Solution File, Format Version 12.00
# Visual Studio Version 17
VisualStudioVersion = 17.7.34221.43
MinimumVisualStudioVersion = 10.0.40219.1
Project("{9A19103F-16F7-4668-BE54-9A1E7A4F7556}") = "EserciziNatale23", "EserciziNatale23\EserciziNatale23.csproj", "{0D1DAB7D-7CD8-48BE-8FE2-E749F1063242}"
EndProject
Project("{9A19103F-16F7-4668-BE54-9A1E7A4F7556}") = "Inserimento_Ordinato", "Inserimento_Ordinato\Inserimento_Ordinato.csproj", "{35AAC606-AEF8-4F59-9906-66A2EA6FDF1B}"
EndProject
Project("{9A19103F-16F7-4668-BE54-9A1E7A4F7556}") = "ordinato", "ordinato\ordinato.csproj", "{EBF0B23E-3F37-4066-B645-26FE9FE8F92B}"
EndProject
Project("{9A19103F-16F7-4668-BE54-9A1E7A4F7556}") = "ordinamento_parallelo", "ordinamento_parallelo\ordinamento_parallelo.csproj", "{385B13D2-3D29-40D1-8D60-1C902764E285}"
EndProject
Project("{9A19103F-16F7-4668-BE54-9A1E7A4F7556}") = "Numeri_Primi", "Numeri_Primi\Numeri_Primi.csproj", "{31BC539E-3D85-4C8D-8881-D782E5CDB349}"
EndProject
Project("{9A19103F-16F7-4668-BE54-9A1E7A4F7556}") = "Crivello di eratostene", "Crivello di eratostene\Crivello di eratostene.csproj", "{9D89496F-9EB6-46F9-B700-07CC067D8869}"
EndProject
Project("{9A19103F-16F7-4668-BE54-9A1E7A4F7556}") = "Esercizio7", "Esercizio7\Esercizio7.csproj", "{30371BB7-38CC-4086-93BA-C450172CE25F}"
EndProject
Project("{FAE04EC0-301F-11D3-BF4B-00C04F79EFBC}") = "FusioneVettori", "FusioneVettori\FusioneVettori.csproj", "{7D957E80-CA2F-44B1-94B5-2AEC0F952DD4}"
EndProject
Global
	GlobalSection(SolutionConfigurationPlatforms) = preSolution
		Debug|Any CPU = Debug|Any CPU
		Release|Any CPU = Release|Any CPU
	EndGlobalSection
	GlobalSection(ProjectConfigurationPlatforms) = postSolution
		{0D1DAB7D-7CD8-48BE-8FE2-E749F1063242}.Debug|Any CPU.ActiveCfg = Debug|Any CPU
		{0D1DAB7D-7CD8-48BE-8FE2-E749F1063242}.Debug|Any CPU.Build.0 = Debug|Any CPU
		{0D1DAB7D-7CD8-48BE-8FE2-E749F1063242}.Release|Any CPU.ActiveCfg = Release|Any CPU
		{0D1DAB7D-7CD8-48BE-8FE2-E749F1063242}.Release|Any CPU.Build.0 = Release|Any CPU
		{35AAC606-AEF8-4F59-9906-66A2EA6FDF1B}.Debug|Any CPU.ActiveCfg = Debug|Any CPU
		{35AAC606-AEF8-4F59-9906-66A2EA6FDF1B}.Debug|Any CPU.Build.0 = Debug|Any CPU
		{35AAC606-AEF8-4F59-9906-66A2EA6FDF1B}.Release|Any CPU.ActiveCfg = Release|Any CPU
		{35AAC606-AEF8-4F59-9906-66A2EA6FDF1B}.Release|Any CPU.Build.0 = Release|Any CPU
		{EBF0B23E-3F37-4066-B645-26FE9FE8F92B}.Debug|Any CPU.ActiveCfg = Debug|Any CPU
		{EBF0B23E-3F37-4066-B645-26FE9FE8F92B}.Debug|Any CPU.Build.0 = Debug|Any CPU
		{EBF0B23E-3F37-4066-B645-26FE9FE8F92B}.Release|Any CPU.ActiveCfg = Release|Any CPU
		{EBF0B23E-3F37-4066-B645-26FE9FE8F92B}.Release|Any CPU.Build.0 = Release|Any CPU
		{385B13D2-3D29-40D1-8D60-1C902764E285}.Debug|Any CPU.ActiveCfg = Debug|Any CPU
		{385B13D2-3D29-40D1-8D60-1C902764E285}.Debug|Any CPU.Build.0 = Debug|Any CPU
		{385B13D2-3D29-40D1-8D60-1C902764E285}.Release|Any CPU.ActiveCfg = Release|Any CPU
		{385B13D2-3D29-40D1-8D60-1C902764E285}.Release|Any CPU.Build.0 = Release|Any CPU
		{31BC539E-3D85-4C8D-8881-D782E5CDB349}.Debug|Any CPU.ActiveCfg = Debug|Any CPU
		{31BC539E-3D85-4C8D-8881-D782E5CDB349}.Debug|Any CPU.Build.0 = Debug|Any CPU
		{31BC539E-3D85-4C8D-8881-D782E5CDB349}.Release|Any CPU.ActiveCfg = Release|Any CPU
		{31BC539E-3D85-4C8D-8881-D782E5CDB349}.Release|Any CPU.Build.0 = Release|Any CPU
		{9D89496F-9EB6-46F9-B700-07CC067D8869}.Debug|Any CPU.ActiveCfg = Debug|Any CPU
		{9D89496F-9EB6-46F9-B700-07CC067D8869}.Debug|Any CPU.Build.0 = Debug|Any CPU
		{9D89496F-9EB6-46F9-B700-07CC067D8869}.Release|Any CPU.ActiveCfg = Release|Any CPU
		{9D89496F-9EB6-46F9-B700-07CC067D8869}.Release|Any CPU.Build.0 = Release|Any CPU
		{30371BB7-38CC-4086-93BA-C450172CE25F}.Debug|Any CPU.ActiveCfg = Debug|Any CPU
		{30371BB7-38CC-4086-93BA-C450172CE25F}.Debug|Any CPU.Build.0 = Debug|Any CPU
		{30371BB7-38CC-4086-93BA-C450172CE25F}.Release|Any CPU.ActiveCfg = Release|Any CPU
		{30371BB7-38CC-4086-93BA-C450172CE25F}.Release|Any CPU.Build.0 = Release|Any CPU
		{7D957E80-CA2F-44B1-94B5-2AEC0F952DD4}.Debug|Any CPU.ActiveCfg = Debug|Any CPU
		{7D957E80-CA2F-44B1-94B5-2AEC0F952DD4}.Debug|Any CPU.Build.0 = Debug|Any CPU
		{7D957E80-CA2F-44B1-94B5-2AEC0F952DD4}.Release|Any CPU.ActiveCfg = Release|Any CPU
		{7D957E80-CA2F-44B1-94B5-2AEC0F952DD4}.Release|Any CPU.Build.0 = Release|Any CPU
	EndGlobalSection
	GlobalSection(SolutionProperties) = preSolution
		HideSolutionNode = FALSE
	EndGlobalSection
	GlobalSection(ExtensibilityGlobals) = postSolution
		SolutionGuid = {58EC3423-63B1-469E-B9BF-D9BA1961FD29}
	EndGlobalSection
EndGlobal
