
Microsoft Visual Studio Solution File, Format Version 12.00
# Visual Studio Version 17
VisualStudioVersion = 17.6.33829.357
MinimumVisualStudioVersion = 10.0.40219.1
Project("{FAE04EC0-301F-11D3-BF4B-00C04F79EFBC}") = "Alea Iacta Est", "Alea Iacta Est\Alea Iacta Est.csproj", "{19DE9479-DCA7-403B-AE01-D4DBCD1217C7}"
EndProject
Global
	GlobalSection(SolutionConfigurationPlatforms) = preSolution
		Debug|Any CPU = Debug|Any CPU
		Release|Any CPU = Release|Any CPU
	EndGlobalSection
	GlobalSection(ProjectConfigurationPlatforms) = postSolution
		{19DE9479-DCA7-403B-AE01-D4DBCD1217C7}.Debug|Any CPU.ActiveCfg = Debug|Any CPU
		{19DE9479-DCA7-403B-AE01-D4DBCD1217C7}.Debug|Any CPU.Build.0 = Debug|Any CPU
		{19DE9479-DCA7-403B-AE01-D4DBCD1217C7}.Release|Any CPU.ActiveCfg = Release|Any CPU
		{19DE9479-DCA7-403B-AE01-D4DBCD1217C7}.Release|Any CPU.Build.0 = Release|Any CPU
	EndGlobalSection
	GlobalSection(SolutionProperties) = preSolution
		HideSolutionNode = FALSE
	EndGlobalSection
	GlobalSection(ExtensibilityGlobals) = postSolution
		SolutionGuid = {C107727B-BA19-49FA-BABF-569112DC739B}
	EndGlobalSection
EndGlobal
